
Microsoft Visual Studio Solution File, Format Version 12.00
# Visual Studio Version 17
VisualStudioVersion = 17.9.34728.123
MinimumVisualStudioVersion = 10.0.40219.1
Project("{FAE04EC0-301F-11D3-BF4B-00C04F79EFBC}") = "Assignment1.1C", "Assignment1.1C.csproj", "{F2144D18-17FD-4D23-ABC7-4C359BEFB19E}"
EndProject
Global
	GlobalSection(SolutionConfigurationPlatforms) = preSolution
		Debug|Any CPU = Debug|Any CPU
		Release|Any CPU = Release|Any CPU
	EndGlobalSection
	GlobalSection(ProjectConfigurationPlatforms) = postSolution
		{F2144D18-17FD-4D23-ABC7-4C359BEFB19E}.Debug|Any CPU.ActiveCfg = Debug|Any CPU
		{F2144D18-17FD-4D23-ABC7-4C359BEFB19E}.Debug|Any CPU.Build.0 = Debug|Any CPU
		{F2144D18-17FD-4D23-ABC7-4C359BEFB19E}.Release|Any CPU.ActiveCfg = Release|Any CPU
		{F2144D18-17FD-4D23-ABC7-4C359BEFB19E}.Release|Any CPU.Build.0 = Release|Any CPU
	EndGlobalSection
	GlobalSection(SolutionProperties) = preSolution
		HideSolutionNode = FALSE
	EndGlobalSection
	GlobalSection(ExtensibilityGlobals) = postSolution
		SolutionGuid = {4C8857AD-3485-45ED-814B-F66E25121BCF}
	EndGlobalSection
EndGlobal
